
Microsoft Visual Studio Solution File, Format Version 12.00
# Visual Studio Version 17
VisualStudioVersion = 17.9.34728.123
MinimumVisualStudioVersion = 10.0.40219.1
Project("{9A19103F-16F7-4668-BE54-9A1E7A4F7556}") = "EQGodot", "EQGodot.csproj", "{DDFE35FB-AC86-49A7-A617-7407C3341077}"
EndProject
Global
	GlobalSection(SolutionConfigurationPlatforms) = preSolution
		Debug|Any CPU = Debug|Any CPU
		ExportDebug|Any CPU = ExportDebug|Any CPU
		ExportRelease|Any CPU = ExportRelease|Any CPU
	EndGlobalSection
	GlobalSection(ProjectConfigurationPlatforms) = postSolution
		{DDFE35FB-AC86-49A7-A617-7407C3341077}.Debug|Any CPU.ActiveCfg = Debug|Any CPU
		{DDFE35FB-AC86-49A7-A617-7407C3341077}.Debug|Any CPU.Build.0 = Debug|Any CPU
		{DDFE35FB-AC86-49A7-A617-7407C3341077}.ExportDebug|Any CPU.ActiveCfg = ExportDebug|Any CPU
		{DDFE35FB-AC86-49A7-A617-7407C3341077}.ExportDebug|Any CPU.Build.0 = ExportDebug|Any CPU
		{DDFE35FB-AC86-49A7-A617-7407C3341077}.ExportRelease|Any CPU.ActiveCfg = ExportRelease|Any CPU
		{DDFE35FB-AC86-49A7-A617-7407C3341077}.ExportRelease|Any CPU.Build.0 = ExportRelease|Any CPU
	EndGlobalSection
	GlobalSection(SolutionProperties) = preSolution
		HideSolutionNode = FALSE
	EndGlobalSection
EndGlobal
